{
  "name": "scripts",
  "lockfileVersion": 3,
  "requires": true,
  "packages": {
    "": {
      "dependencies": {
        "ds": "^2.0.2",
        "fs": "^0.0.1-security"
      }
    },
    "node_modules/ds": {
      "version": "2.0.2",
      "resolved": "https://registry.npmjs.org/ds/-/ds-2.0.2.tgz",
      "integrity": "sha512-lsELvuAGkKamNB1ye+A1RXam6qAeSHpKjEp0Hd92WqRK17XEhx0Q/lJ3yge4RQd4N+AVh3ppjipGQMB8H89UYg=="
    },
    "node_modules/fs": {
      "version": "0.0.1-security",
      "resolved": "https://registry.npmjs.org/fs/-/fs-0.0.1-security.tgz",
      "integrity": "sha512-3XY9e1pP0CVEUCdj5BmfIZxRBTSDycnbqhIOGec9QYtmVH2fbLpj86CFWkrNOkt/Fvty4KZG5lTglL9j/gJ87w=="
    }
  }
}
